// !$*UTF8*$!
{
	archiveVersion = 1;
	classes = {
	};
	objectVersion = 46;
	objects = {

/* Begin PBXBuildFile section */
		79CF5E761BC3044500ED69F8 /* AppDelegate.swift in Sources */ = {isa = PBXBuildFile; fileRef = 79CF5E751BC3044500ED69F8 /* AppDelegate.swift */; };
		79CF5E781BC3044500ED69F8 /* VideoViewController.swift in Sources */ = {isa = PBXBuildFile; fileRef = 79CF5E771BC3044500ED69F8 /* VideoViewController.swift */; };
		79CF5E7B1BC3044500ED69F8 /* Main.storyboard in Resources */ = {isa = PBXBuildFile; fileRef = 79CF5E791BC3044500ED69F8 /* Main.storyboard */; };
		79CF5E7D1BC3044500ED69F8 /* Assets.xcassets in Resources */ = {isa = PBXBuildFile; fileRef = 79CF5E7C1BC3044500ED69F8 /* Assets.xcassets */; };
		79CF5E801BC3044500ED69F8 /* LaunchScreen.storyboard in Resources */ = {isa = PBXBuildFile; fileRef = 79CF5E7E1BC3044500ED69F8 /* LaunchScreen.storyboard */; };
		79CF5E881BC30EAF00ED69F8 /* VideoSessionController.swift in Sources */ = {isa = PBXBuildFile; fileRef = 79CF5E871BC30EAF00ED69F8 /* VideoSessionController.swift */; settings = {ASSET_TAGS = (); }; };
/* End PBXBuildFile section */

/* Begin PBXFileReference section */
		79CF5E721BC3044500ED69F8 /* camRAWR.app */ = {isa = PBXFileReference; explicitFileType = wrapper.application; includeInIndex = 0; path = camRAWR.app; sourceTree = BUILT_PRODUCTS_DIR; };
		79CF5E751BC3044500ED69F8 /* AppDelegate.swift */ = {isa = PBXFileReference; lastKnownFileType = sourcecode.swift; path = AppDelegate.swift; sourceTree = "<group>"; };
		79CF5E771BC3044500ED69F8 /* VideoViewController.swift */ = {isa = PBXFileReference; lastKnownFileType = sourcecode.swift; path = VideoViewController.swift; sourceTree = "<group>"; };
		79CF5E7A1BC3044500ED69F8 /* Base */ = {isa = PBXFileReference; lastKnownFileType = file.storyboard; name = Base; path = Base.lproj/Main.storyboard; sourceTree = "<group>"; };
		79CF5E7C1BC3044500ED69F8 /* Assets.xcassets */ = {isa = PBXFileReference; lastKnownFileType = folder.assetcatalog; path = Assets.xcassets; sourceTree = "<group>"; };
		79CF5E7F1BC3044500ED69F8 /* Base */ = {isa = PBXFileReference; lastKnownFileType = file.storyboard; name = Base; path = Base.lproj/LaunchScreen.storyboard; sourceTree = "<group>"; };
		79CF5E811BC3044500ED69F8 /* Info.plist */ = {isa = PBXFileReference; lastKnownFileType = text.plist.xml; path = Info.plist; sourceTree = "<group>"; };
		79CF5E871BC30EAF00ED69F8 /* VideoSessionController.swift */ = {isa = PBXFileReference; fileEncoding = 4; lastKnownFileType = sourcecode.swift; path = VideoSessionController.swift; sourceTree = "<group>"; };
/* End PBXFileReference section */

/* Begin PBXFrameworksBuildPhase section */
		79CF5E6F1BC3044500ED69F8 /* Frameworks */ = {
			isa = PBXFrameworksBuildPhase;
			buildActionMask = 2147483647;
			files = (
			);
			runOnlyForDeploymentPostprocessing = 0;
		};
/* End PBXFrameworksBuildPhase section */

/* Begin PBXGroup section */
		79CF5E691BC3044400ED69F8 = {
			isa = PBXGroup;
			children = (
				79CF5E741BC3044500ED69F8 /* camRAWR */,
				79CF5E731BC3044500ED69F8 /* Products */,
			);
			sourceTree = "<group>";
		};
		79CF5E731BC3044500ED69F8 /* Products */ = {
			isa = PBXGroup;
			children = (
				79CF5E721BC3044500ED69F8 /* camRAWR.app */,
			);
			name = Products;
			sourceTree = "<group>";
		};
		79CF5E741BC3044500ED69F8 /* camRAWR */ = {
			isa = PBXGroup;
			children = (
				79CF5E751BC3044500ED69F8 /* AppDelegate.swift */,
				79CF5E771BC3044500ED69F8 /* VideoViewController.swift */,
				79CF5E871BC30EAF00ED69F8 /* VideoSessionController.swift */,
				79CF5E791BC3044500ED69F8 /* Main.storyboard */,
				79CF5E7C1BC3044500ED69F8 /* Assets.xcassets */,
				79CF5E7E1BC3044500ED69F8 /* LaunchScreen.storyboard */,
				79CF5E811BC3044500ED69F8 /* Info.plist */,
			);
			path = camRAWR;
			sourceTree = "<group>";
		};
/* End PBXGroup section */

/* Begin PBXNativeTarget section */
		79CF5E711BC3044500ED69F8 /* camRAWR */ = {
			isa = PBXNativeTarget;
			buildConfigurationList = 79CF5E841BC3044500ED69F8 /* Build configuration list for PBXNativeTarget "camRAWR" */;
			buildPhases = (
				79CF5E6E1BC3044500ED69F8 /* Sources */,
				79CF5E6F1BC3044500ED69F8 /* Frameworks */,
				79CF5E701BC3044500ED69F8 /* Resources */,
			);
			buildRules = (
			);
			dependencies = (
			);
			name = camRAWR;
			productName = camRAWR;
			productReference = 79CF5E721BC3044500ED69F8 /* camRAWR.app */;
			productType = "com.apple.product-type.application";
		};
/* End PBXNativeTarget section */

/* Begin PBXProject section */
		79CF5E6A1BC3044400ED69F8 /* Project object */ = {
			isa = PBXProject;
			attributes = {
				LastUpgradeCheck = 0700;
				ORGANIZATIONNAME = "Shh Love Limited";
				TargetAttributes = {
					79CF5E711BC3044500ED69F8 = {
						CreatedOnToolsVersion = 7.0.1;
						DevelopmentTeam = Z3QHQCFR8B;
					};
				};
			};
			buildConfigurationList = 79CF5E6D1BC3044400ED69F8 /* Build configuration list for PBXProject "camRAWR" */;
			compatibilityVersion = "Xcode 3.2";
			developmentRegion = English;
			hasScannedForEncodings = 0;
			knownRegions = (
				en,
				Base,
			);
			mainGroup = 79CF5E691BC3044400ED69F8;
			productRefGroup = 79CF5E731BC3044500ED69F8 /* Products */;
			projectDirPath = "";
			projectRoot = "";
			targets = (
				79CF5E711BC3044500ED69F8 /* camRAWR */,
			);
		};
/* End PBXProject section */

/* Begin PBXResourcesBuildPhase section */
		79CF5E701BC3044500ED69F8 /* Resources */ = {
			isa = PBXResourcesBuildPhase;
			buildActionMask = 2147483647;
			files = (
				79CF5E801BC3044500ED69F8 /* LaunchScreen.storyboard in Resources */,
				79CF5E7D1BC3044500ED69F8 /* Assets.xcassets in Resources */,
				79CF5E7B1BC3044500ED69F8 /* Main.storyboard in Resources */,
			);
			runOnlyForDeploymentPostprocessing = 0;
		};
/* End PBXResourcesBuildPhase section */

/* Begin PBXSourcesBuildPhase section */
		79CF5E6E1BC3044500ED69F8 /* Sources */ = {
			isa = PBXSourcesBuildPhase;
			buildActionMask = 2147483647;
			files = (
				79CF5E881BC30EAF00ED69F8 /* VideoSessionController.swift in Sources */,
				79CF5E781BC3044500ED69F8 /* VideoViewController.swift in Sources */,
				79CF5E761BC3044500ED69F8 /* AppDelegate.swift in Sources */,
			);
			runOnlyForDeploymentPostprocessing = 0;
		};
/* End PBXSourcesBuildPhase section */

/* Begin PBXVariantGroup section */
		79CF5E791BC3044500ED69F8 /* Main.storyboard */ = {
			isa = PBXVariantGroup;
			children = (
				79CF5E7A1BC3044500ED69F8 /* Base */,
			);
			name = Main.storyboard;
			sourceTree = "<group>";
		};
		79CF5E7E1BC3044500ED69F8 /* LaunchScreen.storyboard */ = {
			isa = PBXVariantGroup;
			children = (
				79CF5E7F1BC3044500ED69F8 /* Base */,
			);
			name = LaunchScreen.storyboard;
			sourceTree = "<group>";
		};
/* End PBXVariantGroup section */

/* Begin XCBuildConfiguration section */
		79CF5E821BC3044500ED69F8 /* Debug */ = {
			isa = XCBuildConfiguration;
			buildSettings = {
				ALWAYS_SEARCH_USER_PATHS = NO;
				CLANG_CXX_LANGUAGE_STANDARD = "gnu++0x";
				CLANG_CXX_LIBRARY = "libc++";
				CLANG_ENABLE_MODULES = YES;
				CLANG_ENABLE_OBJC_ARC = YES;
				CLANG_WARN_BOOL_CONVERSION = YES;
				CLANG_WARN_CONSTANT_CONVERSION = YES;
				CLANG_WARN_DIRECT_OBJC_ISA_USAGE = YES_ERROR;
				CLANG_WARN_EMPTY_BODY = YES;
				CLANG_WARN_ENUM_CONVERSION = YES;
				CLANG_WARN_INT_CONVERSION = YES;
				CLANG_WARN_OBJC_ROOT_CLASS = YES_ERROR;
				CLANG_WARN_UNREACHABLE_CODE = YES;
				CLANG_WARN__DUPLICATE_METHOD_MATCH = YES;
				"CODE_SIGN_IDENTITY[sdk=iphoneos*]" = "iPhone Developer";
				COPY_PHASE_STRIP = NO;
				DEBUG_INFORMATION_FORMAT = dwarf;
				ENABLE_STRICT_OBJC_MSGSEND = YES;
				ENABLE_TESTABILITY = YES;
				GCC_C_LANGUAGE_STANDARD = gnu99;
				GCC_DYNAMIC_NO_PIC = NO;
				GCC_NO_COMMON_BLOCKS = YES;
				GCC_OPTIMIZATION_LEVEL = 0;
				GCC_PREPROCESSOR_DEFINITIONS = (
					"DEBUG=1",
					"$(inherited)",
				);
				GCC_WARN_64_TO_32_BIT_CONVERSION = YES;
				GCC_WARN_ABOUT_RETURN_TYPE = YES_ERROR;
				GCC_WARN_UNDECLARED_SELECTOR = YES;
				GCC_WARN_UNINITIALIZED_AUTOS = YES_AGGRESSIVE;
				GCC_WARN_UNUSED_FUNCTION = YES;
				GCC_WARN_UNUSED_VARIABLE = YES;
				IPHONEOS_DEPLOYMENT_TARGET = 9.0;
				MTL_ENABLE_DEBUG_INFO = YES;
				ONLY_ACTIVE_ARCH = YES;
				SDKROOT = iphoneos;
				SWIFT_OPTIMIZATION_LEVEL = "-Onone";
			};
			name = Debug;
		};
		79CF5E831BC3044500ED69F8 /* Release */ = {
			isa = XCBuildConfiguration;
			buildSettings = {
				ALWAYS_SEARCH_USER_PATHS = NO;
				CLANG_CXX_LANGUAGE_STANDARD = "gnu++0x";
				CLANG_CXX_LIBRARY = "libc++";
				CLANG_ENABLE_MODULES = YES;
				CLANG_ENABLE_OBJC_ARC = YES;
				CLANG_WARN_BOOL_CONVERSION = YES;
				CLANG_WARN_CONSTANT_CONVERSION = YES;
				CLANG_WARN_DIRECT_OBJC_ISA_USAGE = YES_ERROR;
				CLANG_WARN_EMPTY_BODY = YES;
				CLANG_WARN_ENUM_CONVERSION = YES;
				CLANG_WARN_INT_CONVERSION = YES;
				CLANG_WARN_OBJC_ROOT_CLASS = YES_ERROR;
				CLANG_WARN_UNREACHABLE_CODE = YES;
				CLANG_WARN__DUPLICATE_METHOD_MATCH = YES;
				"CODE_SIGN_IDENTITY[sdk=iphoneos*]" = "iPhone Developer";
				COPY_PHASE_STRIP = NO;
				DEBUG_INFORMATION_FORMAT = "dwarf-with-dsym";
				ENABLE_NS_ASSERTIONS = NO;
				ENABLE_STRICT_OBJC_MSGSEND = YES;
				GCC_C_LANGUAGE_STANDARD = gnu99;
				GCC_NO_COMMON_BLOCKS = YES;
				GCC_WARN_64_TO_32_BIT_CONVERSION = YES;
				GCC_WARN_ABOUT_RETURN_TYPE = YES_ERROR;
				GCC_WARN_UNDECLARED_SELECTOR = YES;
				GCC_WARN_UNINITIALIZED_AUTOS = YES_AGGRESSIVE;
				GCC_WARN_UNUSED_FUNCTION = YES;
				GCC_WARN_UNUSED_VARIABLE = YES;
				IPHONEOS_DEPLOYMENT_TARGET = 9.0;
				MTL_ENABLE_DEBUG_INFO = NO;
				SDKROOT = iphoneos;
				VALIDATE_PRODUCT = YES;
			};
			name = Release;
		};
		79CF5E851BC3044500ED69F8 /* Debug */ = {
			isa = XCBuildConfiguration;
			buildSettings = {
				ASSETCATALOG_COMPILER_APPICON_NAME = AppIcon;
				CODE_SIGN_IDENTITY = "iPhone Developer";
				INFOPLIST_FILE = camRAWR/Info.plist;
				LD_RUNPATH_SEARCH_PATHS = "$(inherited) @executable_path/Frameworks";
				PRODUCT_BUNDLE_IDENTIFIER = net.daniellove.kids.camRAWR;
				PRODUCT_NAME = "$(TARGET_NAME)";
			};
			name = Debug;
		};
		79CF5E861BC3044500ED69F8 /* Release */ = {
			isa = XCBuildConfiguration;
			buildSettings = {
				ASSETCATALOG_COMPILER_APPICON_NAME = AppIcon;
				CODE_SIGN_IDENTITY = "iPhone Developer";
				INFOPLIST_FILE = camRAWR/Info.plist;
				LD_RUNPATH_SEARCH_PATHS = "$(inherited) @executable_path/Frameworks";
				PRODUCT_BUNDLE_IDENTIFIER = net.daniellove.kids.camRAWR;
				PRODUCT_NAME = "$(TARGET_NAME)";
			};
			name = Release;
		};
/* End XCBuildConfiguration section */

/* Begin XCConfigurationList section */
		79CF5E6D1BC3044400ED69F8 /* Build configuration list for PBXProject "camRAWR" */ = {
			isa = XCConfigurationList;
			buildConfigurations = (
				79CF5E821BC3044500ED69F8 /* Debug */,
				79CF5E831BC3044500ED69F8 /* Release */,
			);
			defaultConfigurationIsVisible = 0;
			defaultConfigurationName = Release;
		};
		79CF5E841BC3044500ED69F8 /* Build configuration list for PBXNativeTarget "camRAWR" */ = {
			isa = XCConfigurationList;
			buildConfigurations = (
				79CF5E851BC3044500ED69F8 /* Debug */,
				79CF5E861BC3044500ED69F8 /* Release */,
			);
			defaultConfigurationIsVisible = 0;
		};
/* End XCConfigurationList section */
	};
	rootObject = 79CF5E6A1BC3044400ED69F8 /* Project object */;
}
